hash: 82aaec3b859446ad3aa50d2f57230870dccd61caf3961d36e28ada37e0dcd762
updated: 2016-08-18T10:03:27.902082659-07:00
imports:
- name: github.com/cloudfoundry-incubator/candiedyaml
  version: 99c3df83b51532e3615f851d8c2dbb638f5313bf
- name: github.com/jessevdk/go-flags
  version: f2785f5820ec967043de79c8be97edfc464ca745
- name: github.com/lair-framework/go-nmap
  version: bb839509aeb3e36eca86ae5f8f667439af33b857
- name: github.com/pivotal-golang/lager
  version: 62951a8009ab331bb21dc418074fa54e66eb9b6a
- name: golang.org/x/crypto
  version: 9fbab14f903f89e23047b5971369b86380230e56
  subpackages:
  - ssh
  - curve25519
  - ed25519
  - ed25519/internal/edwards25519
testImports: []
