hash: d28accd0c8a506a44a13409aa906d08bbfcfe76c50861e5cecf87c80644bff4b
updated: 2016-08-12T16:14:17.259598259-07:00
imports:
- name: github.com/cloudfoundry-incubator/candiedyaml
  version: 99c3df83b51532e3615f851d8c2dbb638f5313bf
- name: github.com/jessevdk/go-flags
  version: f2785f5820ec967043de79c8be97edfc464ca745
- name: github.com/lair-framework/go-nmap
  version: bb839509aeb3e36eca86ae5f8f667439af33b857
- name: github.com/pivotal-golang/lager
  version: 62951a8009ab331bb21dc418074fa54e66eb9b6a
- name: golang.org/x/crypto
  version: 595bbbd7f5f308415a544d3c55743c91427c8d99
  subpackages:
  - ssh
  - curve25519
  - ed25519
  - ed25519/internal/edwards25519
testImports: []
