hash: fbffd5d4a8c846a46416aa261abc736e57f5d1439c7b503889bad248693dbecf
updated: 2016-08-24T14:03:17.112053312-07:00
imports:
- name: github.com/aws/aws-sdk-go
  version: f34b74c96bfd27df35643adeb14d8431ca047df5
  subpackages:
  - aws
  - aws/corehandlers
  - aws/credentials
  - aws/request
  - aws/session
  - service/s3
  - service/s3/s3manager
  - aws/awserr
  - aws/awsutil
  - aws/client/metadata
  - aws/client
  - aws/credentials/stscreds
  - aws/defaults
  - private/endpoints
  - aws/signer/v4
  - private/protocol
  - private/protocol/restxml
  - private/waiter
  - service/s3/s3iface
  - service/sts
  - aws/credentials/ec2rolecreds
  - aws/credentials/endpointcreds
  - aws/ec2metadata
  - private/protocol/rest
  - private/protocol/query
  - private/protocol/xml/xmlutil
  - private/protocol/query/queryutil
- name: github.com/bmatcuk/doublestar
  version: ec3b4af762f792cb93bf2518ff9ac408dbdc2b4e
- name: github.com/charlievieth/fs
  version: 481d86fe047eecacafeb83a4bdf95afc8eeb4fe0
- name: github.com/cheggaaa/pb
  version: 6e9d17711bb763b26b68b3931d47f24c1323abab
- name: github.com/cloudfoundry-incubator/candiedyaml
  version: 99c3df83b51532e3615f851d8c2dbb638f5313bf
- name: github.com/cloudfoundry/bosh-agent
  version: e6f5eca36ac0013befa94e83b7215da570364efc
  subpackages:
  - agentclient/http
  - agentclient
  - agentclient/applyspec
  - settings
  - platform/disk
  - platform/deviceutil
- name: github.com/cloudfoundry/bosh-davcli
  version: 337ec17549dddba0367df7a195d9668adfd1aab1
  subpackages:
  - client
  - config
- name: github.com/cloudfoundry/bosh-init
  version: 372563083b260b6328d20c40f42ab0fe01e1633d
  repo: https://github.com/krishicks/bosh-init.git
  subpackages:
  - cmd
  - cmd/config
  - director
  - ssh
  - uaa
  - ui
  - blobstore
  - cloud
  - config
  - cpi/release
  - crypto
  - deployment
  - deployment/disk
  - deployment/instance
  - deployment/instance/state
  - deployment/manifest
  - deployment/release
  - deployment/sshtunnel
  - deployment/template
  - deployment/vm
  - director/template
  - index
  - installation
  - installation/manifest
  - installation/tarball
  - registry
  - release
  - release/pkg
  - release/set/manifest
  - releasedir
  - state/pkg
  - stemcell
  - templatescompiler
  - templatescompiler/erbrenderer
  - ui/table
  - ui/task
  - ui/fmt
  - release/job
  - state/job
  - common/net
  - common/util
  - installation/blobextract
  - installation/pkg
  - release/manifest
  - release/license
  - release/resource
  - release/pkg/manifest
  - releasedir/index
  - release/job/manifest
- name: github.com/cloudfoundry/bosh-utils
  version: e8fa5b9023522d58de0db477db1acbc3894e1a5f
  subpackages:
  - logger
  - errors
  - fileutil
  - httpclient
  - system
  - uuid
  - retrystrategy
  - property
  - blobstore
  - http
- name: github.com/cloudfoundry/gofileutils
  version: 511ba4f8a696af09fe7637d0f303675a246232ee
  subpackages:
  - glob
- name: github.com/cppforlife/go-semi-semantic
  version: 6d81a57cf024149eba18224dc3f46b1f79cbb7f3
  subpackages:
  - version
- name: github.com/cppforlife/s3cli
  version: 7cb47f14d2ad20ef7bcbef6cd1754b79393f0420
  repo: https://github.com/krishicks/s3cli
  subpackages:
  - client
  - config
- name: github.com/dustin/go-humanize
  version: 2fcb5204cdc65b4bec9fd0a87606bb0d0e3c54e8
- name: github.com/fatih/color
  version: 87d4004f2ab62d0d255e0a38f1680aa534549fe3
- name: github.com/go-ini/ini
  version: a2610b3a793cfa7fdf0b07038068af5ddc12aba1
- name: github.com/hashicorp/errwrap
  version: 7554cd9344cec97297fa6649b055a8c98c2a1e55
- name: github.com/hashicorp/go-multierror
  version: 8c5f0ad9360406a3807ce7de6bc73269a91a6e51
- name: github.com/jessevdk/go-flags
  version: f2785f5820ec967043de79c8be97edfc464ca745
- name: github.com/jmespath/go-jmespath
  version: bd40a432e4c76585ef6b72d3fd96fb9b6dc7b68d
- name: github.com/lair-framework/go-nmap
  version: bb839509aeb3e36eca86ae5f8f667439af33b857
- name: github.com/mattn/go-colorable
  version: ed8eb9e318d7a84ce5915b495b7d35e0cfe7b5a8
- name: github.com/mattn/go-isatty
  version: 66b8e73f3f5cda9f96b69efd03dd3d7fc4a5cdb8
- name: github.com/nu7hatch/gouuid
  version: 179d4d0c4d8d407a32af483c2354df1d2c91e6c3
- name: github.com/onsi/ginkgo
  version: 43e2af1f01ace55adbb6d7d0f30416476db1baae
  subpackages:
  - ginkgo
- name: github.com/onsi/gomega
  version: b48c9a8b2644326d0a44eaaacc8d83e35174a05d
- name: github.com/pivotal-golang/clock
  version: e0835a7d46f9ea781e764f0dc9325110e32a97dd
- name: github.com/pivotal-golang/lager
  version: 62951a8009ab331bb21dc418074fa54e66eb9b6a
- name: github.com/pivotal-golang/yaml
  version: 8b09e4a33107d942293b5ef6f32254124ccaf8a8
- name: github.com/vito/go-interact
  version: 965b78fd2ce125500bf67529de7a88c0be18ac0c
  subpackages:
  - interact
  - interact/terminal
- name: golang.org/x/crypto
  version: 9fbab14f903f89e23047b5971369b86380230e56
  subpackages:
  - ssh
  - curve25519
  - ed25519
  - ssh/terminal
  - ed25519/internal/edwards25519
- name: golang.org/x/sys
  version: a646d33e2ee3172a661fc09bca23bb4889a41bc8
  subpackages:
  - unix
- name: gopkg.in/yaml.v2
  version: e4d366fc3c7938e2958e662b4258c7a89e1f0e3e
testImports: []
